{
  "nodes": {
    "arcexprs": {
      "flake": false,
      "locked": {
        "lastModified": 1684694579,
        "narHash": "sha256-+o8ZA1XrSztvcHnWG8ZZmtBBwScKB2KM+rrJEkzYBNU=",
        "owner": "arcnmx",
        "repo": "nixexprs",
        "rev": "27593a29cd68be8a383830e8a020d32c26148f23",
        "type": "github"
      },
      "original": {
        "owner": "arcnmx",
        "ref": "master",
        "repo": "nixexprs",
        "type": "github"
      }
    },
    "ci": {
      "flake": false,
      "locked": {
        "lastModified": 1682006050,
        "narHash": "sha256-FeBTrfKYmg6fpvhGshyDpryqh2+pGyQspcljeU5KOlk=",
        "owner": "arcnmx",
        "repo": "ci",
        "rev": "e846a88553140d940f5562a3dc49b77564ccc6a1",
        "type": "github"
      },
      "original": {
        "owner": "arcnmx",
        "ref": "v0.6",
        "repo": "ci",
        "type": "github"
      }
    },
    "fl-config": {
      "locked": {
        "lastModified": 1653159448,
        "narHash": "sha256-PvB9ha0r4w6p412MBPP71kS/ZTBnOjxL0brlmyucPBA=",
        "owner": "flakelib",
        "repo": "fl",
        "rev": "fcefb9738d5995308a24cda018a083ccb6b0f460",
        "type": "github"
      },
      "original": {
        "owner": "flakelib",
        "ref": "config",
        "repo": "fl",
        "type": "github"
      }
    },
    "flake-compat": {
      "flake": false,
      "locked": {
        "lastModified": 1673956053,
        "narHash": "sha256-4gtG9iQuiKITOjNQQeQIpoIB6b16fm+504Ch3sNKLd8=",
        "owner": "edolstra",
        "repo": "flake-compat",
        "rev": "35bb57c0c8d8b62bbfd284272c928ceb64ddbde9",
        "type": "github"
      },
      "original": {
        "owner": "edolstra",
        "repo": "flake-compat",
        "type": "github"
      }
    },
    "flake-utils": {
      "inputs": {
        "systems": "systems"
      },
      "locked": {
        "lastModified": 1681202837,
        "narHash": "sha256-H+Rh19JDwRtpVPAWp64F+rlEtxUWBAQW28eAi3SRSzg=",
        "owner": "numtide",
        "repo": "flake-utils",
        "rev": "cfacdce06f30d2b68473a46042957675eebb3401",
        "type": "github"
      },
      "original": {
        "owner": "numtide",
        "repo": "flake-utils",
        "type": "github"
      }
    },
    "flakelib": {
      "inputs": {
        "fl-config": "fl-config",
        "std": "std"
      },
      "locked": {
        "lastModified": 1669759641,
        "narHash": "sha256-Zc6rZC0gTLZ9AzGG6vlImkYZGRf0bdMNk1fwS06ZqnU=",
        "owner": "flakelib",
        "repo": "fl",
        "rev": "ac03e98777f3f03e694f1bcf0c6a6a304734a263",
        "type": "github"
      },
      "original": {
        "owner": "flakelib",
        "repo": "fl",
        "type": "github"
      }
    },
    "nix-std": {
      "locked": {
        "lastModified": 1652644856,
        "narHash": "sha256-tRRx4bBFwctWrUhnCNrcRee8Wiol1M7ypQTOPrLLtkc=",
        "owner": "flakelib",
        "repo": "std",
        "rev": "194230d45e99ce84cf25ea8b3ae4774601fc097c",
        "type": "github"
      },
      "original": {
        "owner": "flakelib",
        "ref": "master",
        "repo": "std",
        "type": "github"
      }
    },
    "nixpkgs": {
      "locked": {
        "lastModified": 1683408522,
        "narHash": "sha256-9kcPh6Uxo17a3kK3XCHhcWiV1Yu1kYj22RHiymUhMkU=",
        "owner": "nixos",
        "repo": "nixpkgs",
        "rev": "897876e4c484f1e8f92009fd11b7d988a121a4e7",
        "type": "github"
      },
      "original": {
        "owner": "nixos",
        "ref": "nixos-unstable",
        "repo": "nixpkgs",
        "type": "github"
      }
    },
    "nixpkgs-stable": {
      "locked": {
        "lastModified": 1684632198,
        "narHash": "sha256-SdxMPd0WmU9MnDBuuy7ouR++GftrThmSGL7PCQj/uVI=",
        "owner": "NixOS",
        "repo": "nixpkgs",
        "rev": "d0dade110dc7072d67ce27826cfe9ab2ab0cf247",
        "type": "github"
      },
      "original": {
        "owner": "NixOS",
        "ref": "release-22.11",
        "repo": "nixpkgs",
        "type": "github"
      }
    },
    "nur": {
      "locked": {
        "lastModified": 1684802354,
        "narHash": "sha256-CXcFtWDB2ZmvJscFqimJLZ4GvdKlFVP8rnPedjyZUUE=",
        "owner": "nix-community",
        "repo": "nur",
        "rev": "acac1be21a068002af642982803900dab614ab07",
        "type": "github"
      },
      "original": {
        "owner": "nix-community",
        "ref": "master",
        "repo": "nur",
        "type": "github"
      }
    },
    "root": {
      "inputs": {
        "arcexprs": "arcexprs",
        "ci": "ci",
        "flake-compat": "flake-compat",
        "flake-utils": "flake-utils",
        "nixpkgs": "nixpkgs",
        "nur": "nur",
        "sops-nix": "sops-nix",
        "systemd2mqtt": "systemd2mqtt"
      }
    },
    "rust": {
      "inputs": {
        "nixpkgs": [
          "systemd2mqtt",
          "nixpkgs"
        ]
      },
      "locked": {
        "lastModified": 1670892108,
        "narHash": "sha256-CmfMxBxQNV4j56EgbCRIu++Npwl1xtwoYWoZPnhsSTo=",
        "owner": "arcnmx",
        "repo": "nixexprs-rust",
        "rev": "e7caa9e978907aa7d4a6c244eb69bff1fc987d10",
        "type": "github"
      },
      "original": {
        "owner": "arcnmx",
        "repo": "nixexprs-rust",
        "type": "github"
      }
    },
    "sops-nix": {
      "inputs": {
        "nixpkgs": [
          "nixpkgs"
        ],
        "nixpkgs-stable": "nixpkgs-stable"
      },
      "locked": {
        "lastModified": 1684637723,
        "narHash": "sha256-0vAxL7MVMhGbTkAyvzLvleELHjVsaS43p+PR1h9gzNQ=",
        "owner": "Mic92",
        "repo": "sops-nix",
        "rev": "4ccdfb573f323a108a44c13bb7730e42baf962a9",
        "type": "github"
      },
      "original": {
        "owner": "Mic92",
        "repo": "sops-nix",
        "type": "github"
      }
    },
    "std": {
      "inputs": {
        "nix-std": "nix-std"
      },
      "locked": {
        "lastModified": 1669759267,
        "narHash": "sha256-jBAtT8Hb9XwiW5cBDl2SmOMbRivGoi9H6t78fJUO53g=",
        "owner": "flakelib",
        "repo": "std",
        "rev": "628acb137d798d59d638999da4e1715572f18edb",
        "type": "github"
      },
      "original": {
        "owner": "flakelib",
        "repo": "std",
        "type": "github"
      }
    },
    "systemd2mqtt": {
      "inputs": {
        "flakelib": "flakelib",
        "nixpkgs": [
          "nixpkgs"
        ],
        "rust": "rust"
      },
      "locked": {
        "lastModified": 1671408660,
        "narHash": "sha256-q14YY7ByTVIDCE4sX5tJ2Eo4m+jDK+rOs41mD+rpA+c=",
        "owner": "arcnmx",
        "repo": "systemd2mqtt",
        "rev": "a32c3e1ed052cdf35f79640f1a224518acb69fb5",
        "type": "github"
      },
      "original": {
        "owner": "arcnmx",
        "repo": "systemd2mqtt",
        "type": "github"
      }
    },
    "systems": {
      "locked": {
        "lastModified": 1681028828,
        "narHash": "sha256-Vy1rq5AaRuLzOxct8nz4T6wlgyUR7zLU309k9mBC768=",
        "owner": "nix-systems",
        "repo": "default",
        "rev": "da67096a3b9bf56a91d16901293e51ba5b49a27e",
        "type": "github"
      },
      "original": {
        "owner": "nix-systems",
        "repo": "default",
        "type": "github"
      }
    }
  },
  "root": "root",
  "version": 7
}
