{
  "nodes": {
    "arcexprs": {
      "flake": false,
      "locked": {
        "lastModified": 1686151686,
        "narHash": "sha256-/YY+9A2Wgq9+IJHHsXQ5k6V1xVyKhvO50yWmbdp4f1E=",
        "owner": "arcnmx",
        "repo": "nixexprs",
        "rev": "4899d9c123fc2c6570ce755344e08bf007a35ce8",
        "type": "github"
      },
      "original": {
        "owner": "arcnmx",
        "ref": "master",
        "repo": "nixexprs",
        "type": "github"
      }
    },
    "ci": {
      "flake": false,
      "locked": {
        "lastModified": 1686063338,
        "narHash": "sha256-/ydJkCKyG9j34Zhv2tgU6Bmq/UfQszxsycenArMeAjQ=",
        "owner": "arcnmx",
        "repo": "ci",
        "rev": "d185937e9e64a3ff2bb797585ef74187474257f0",
        "type": "github"
      },
      "original": {
        "owner": "arcnmx",
        "ref": "v0.6",
        "repo": "ci",
        "type": "github"
      }
    },
    "fl-config": {
      "locked": {
        "lastModified": 1653159448,
        "narHash": "sha256-PvB9ha0r4w6p412MBPP71kS/ZTBnOjxL0brlmyucPBA=",
        "owner": "flakelib",
        "repo": "fl",
        "rev": "fcefb9738d5995308a24cda018a083ccb6b0f460",
        "type": "github"
      },
      "original": {
        "owner": "flakelib",
        "ref": "config",
        "repo": "fl",
        "type": "github"
      }
    },
    "flake-compat": {
      "flake": false,
      "locked": {
        "lastModified": 1673956053,
        "narHash": "sha256-4gtG9iQuiKITOjNQQeQIpoIB6b16fm+504Ch3sNKLd8=",
        "owner": "edolstra",
        "repo": "flake-compat",
        "rev": "35bb57c0c8d8b62bbfd284272c928ceb64ddbde9",
        "type": "github"
      },
      "original": {
        "owner": "edolstra",
        "repo": "flake-compat",
        "type": "github"
      }
    },
    "flake-utils": {
      "inputs": {
        "systems": "systems"
      },
      "locked": {
        "lastModified": 1685518550,
        "narHash": "sha256-o2d0KcvaXzTrPRIo0kOLV0/QXHhDQ5DTi+OxcjO8xqY=",
        "owner": "numtide",
        "repo": "flake-utils",
        "rev": "a1720a10a6cfe8234c0e93907ffe81be440f4cef",
        "type": "github"
      },
      "original": {
        "owner": "numtide",
        "repo": "flake-utils",
        "type": "github"
      }
    },
    "flakelib": {
      "inputs": {
        "fl-config": "fl-config",
        "std": "std"
      },
      "locked": {
        "lastModified": 1669759641,
        "narHash": "sha256-Zc6rZC0gTLZ9AzGG6vlImkYZGRf0bdMNk1fwS06ZqnU=",
        "owner": "flakelib",
        "repo": "fl",
        "rev": "ac03e98777f3f03e694f1bcf0c6a6a304734a263",
        "type": "github"
      },
      "original": {
        "owner": "flakelib",
        "repo": "fl",
        "type": "github"
      }
    },
    "nix-std": {
      "locked": {
        "lastModified": 1652644856,
        "narHash": "sha256-tRRx4bBFwctWrUhnCNrcRee8Wiol1M7ypQTOPrLLtkc=",
        "owner": "flakelib",
        "repo": "std",
        "rev": "194230d45e99ce84cf25ea8b3ae4774601fc097c",
        "type": "github"
      },
      "original": {
        "owner": "flakelib",
        "ref": "master",
        "repo": "std",
        "type": "github"
      }
    },
    "nixpkgs": {
      "locked": {
        "lastModified": 1686501370,
        "narHash": "sha256-G0WuM9fqTPRc2URKP9Lgi5nhZMqsfHGrdEbrLvAPJcg=",
        "owner": "nixos",
        "repo": "nixpkgs",
        "rev": "75a5ebf473cd60148ba9aec0d219f72e5cf52519",
        "type": "github"
      },
      "original": {
        "owner": "nixos",
        "ref": "nixos-unstable",
        "repo": "nixpkgs",
        "type": "github"
      }
    },
    "nixpkgs-stable": {
      "locked": {
        "lastModified": 1686392259,
        "narHash": "sha256-hqSS9hKhWldIZr1bBp9xKhIznnGPICGKzuehd2LH0UA=",
        "owner": "NixOS",
        "repo": "nixpkgs",
        "rev": "ef24b2fa0c5f290a35064b847bc211f25cb85c88",
        "type": "github"
      },
      "original": {
        "owner": "NixOS",
        "ref": "release-22.11",
        "repo": "nixpkgs",
        "type": "github"
      }
    },
    "nur": {
      "locked": {
        "lastModified": 1686696247,
        "narHash": "sha256-gZL5rk1iySrvKbdw8NU5BaSDWuWA5O7ZWw+j+vxXjc4=",
        "owner": "nix-community",
        "repo": "nur",
        "rev": "c3677b051af4921de6e184749035d08859e4ed62",
        "type": "github"
      },
      "original": {
        "owner": "nix-community",
        "ref": "master",
        "repo": "nur",
        "type": "github"
      }
    },
    "root": {
      "inputs": {
        "arcexprs": "arcexprs",
        "ci": "ci",
        "flake-compat": "flake-compat",
        "flake-utils": "flake-utils",
        "nixpkgs": "nixpkgs",
        "nur": "nur",
        "sops-nix": "sops-nix",
        "systemd2mqtt": "systemd2mqtt"
      }
    },
    "rust": {
      "inputs": {
        "nixpkgs": [
          "systemd2mqtt",
          "nixpkgs"
        ]
      },
      "locked": {
        "lastModified": 1670892108,
        "narHash": "sha256-CmfMxBxQNV4j56EgbCRIu++Npwl1xtwoYWoZPnhsSTo=",
        "owner": "arcnmx",
        "repo": "nixexprs-rust",
        "rev": "e7caa9e978907aa7d4a6c244eb69bff1fc987d10",
        "type": "github"
      },
      "original": {
        "owner": "arcnmx",
        "repo": "nixexprs-rust",
        "type": "github"
      }
    },
    "sops-nix": {
      "inputs": {
        "nixpkgs": [
          "nixpkgs"
        ],
        "nixpkgs-stable": "nixpkgs-stable"
      },
      "locked": {
        "lastModified": 1686453485,
        "narHash": "sha256-75iPAcS6xuw4SNfqLmFCi9wWG1JmDNKaC8l3WJUkmDk=",
        "owner": "Mic92",
        "repo": "sops-nix",
        "rev": "cb85e297937af1bd1434cf5f85a3f86a21dc8207",
        "type": "github"
      },
      "original": {
        "owner": "Mic92",
        "repo": "sops-nix",
        "type": "github"
      }
    },
    "std": {
      "inputs": {
        "nix-std": "nix-std"
      },
      "locked": {
        "lastModified": 1669759267,
        "narHash": "sha256-jBAtT8Hb9XwiW5cBDl2SmOMbRivGoi9H6t78fJUO53g=",
        "owner": "flakelib",
        "repo": "std",
        "rev": "628acb137d798d59d638999da4e1715572f18edb",
        "type": "github"
      },
      "original": {
        "owner": "flakelib",
        "repo": "std",
        "type": "github"
      }
    },
    "systemd2mqtt": {
      "inputs": {
        "flakelib": "flakelib",
        "nixpkgs": [
          "nixpkgs"
        ],
        "rust": "rust"
      },
      "locked": {
        "lastModified": 1671408660,
        "narHash": "sha256-q14YY7ByTVIDCE4sX5tJ2Eo4m+jDK+rOs41mD+rpA+c=",
        "owner": "arcnmx",
        "repo": "systemd2mqtt",
        "rev": "a32c3e1ed052cdf35f79640f1a224518acb69fb5",
        "type": "github"
      },
      "original": {
        "owner": "arcnmx",
        "repo": "systemd2mqtt",
        "type": "github"
      }
    },
    "systems": {
      "locked": {
        "lastModified": 1681028828,
        "narHash": "sha256-Vy1rq5AaRuLzOxct8nz4T6wlgyUR7zLU309k9mBC768=",
        "owner": "nix-systems",
        "repo": "default",
        "rev": "da67096a3b9bf56a91d16901293e51ba5b49a27e",
        "type": "github"
      },
      "original": {
        "owner": "nix-systems",
        "repo": "default",
        "type": "github"
      }
    }
  },
  "root": "root",
  "version": 7
}
